
Microsoft Visual Studio Solution File, Format Version 12.00
# Visual Studio Version 16
VisualStudioVersion = 16.0.30804.86
MinimumVisualStudioVersion = 10.0.40219.1
Project("{FAE04EC0-301F-11D3-BF4B-00C04F79EFBC}") = "CalculateMonthlyWage", "CalculateMonthlyWage\CalculateMonthlyWage.csproj", "{AAAA92E6-3675-4015-AC43-5E63F14C42A8}"
EndProject
Global
	GlobalSection(SolutionConfigurationPlatforms) = preSolution
		Debug|Any CPU = Debug|Any CPU
		Release|Any CPU = Release|Any CPU
	EndGlobalSection
	GlobalSection(ProjectConfigurationPlatforms) = postSolution
		{AAAA92E6-3675-4015-AC43-5E63F14C42A8}.Debug|Any CPU.ActiveCfg = Debug|Any CPU
		{AAAA92E6-3675-4015-AC43-5E63F14C42A8}.Debug|Any CPU.Build.0 = Debug|Any CPU
		{AAAA92E6-3675-4015-AC43-5E63F14C42A8}.Release|Any CPU.ActiveCfg = Release|Any CPU
		{AAAA92E6-3675-4015-AC43-5E63F14C42A8}.Release|Any CPU.Build.0 = Release|Any CPU
	EndGlobalSection
	GlobalSection(SolutionProperties) = preSolution
		HideSolutionNode = FALSE
	EndGlobalSection
	GlobalSection(ExtensibilityGlobals) = postSolution
		SolutionGuid = {CF955E43-8DE2-46DD-AF43-5FAD1CDBC5E7}
	EndGlobalSection
EndGlobal
